
Microsoft Visual Studio Solution File, Format Version 12.00
# Visual Studio Version 16
VisualStudioVersion = 16.0.31729.503
MinimumVisualStudioVersion = 10.0.40219.1
Project("{9A19103F-16F7-4668-BE54-9A1E7A4F7556}") = "Calculadora", "Calculadora.csproj", "{86895D9A-2D52-40B9-8141-491A5BEE7217}"
EndProject
Global
	GlobalSection(SolutionConfigurationPlatforms) = preSolution
		Debug|Any CPU = Debug|Any CPU
		Release|Any CPU = Release|Any CPU
	EndGlobalSection
	GlobalSection(ProjectConfigurationPlatforms) = postSolution
		{86895D9A-2D52-40B9-8141-491A5BEE7217}.Debug|Any CPU.ActiveCfg = Debug|Any CPU
		{86895D9A-2D52-40B9-8141-491A5BEE7217}.Debug|Any CPU.Build.0 = Debug|Any CPU
		{86895D9A-2D52-40B9-8141-491A5BEE7217}.Release|Any CPU.ActiveCfg = Release|Any CPU
		{86895D9A-2D52-40B9-8141-491A5BEE7217}.Release|Any CPU.Build.0 = Release|Any CPU
	EndGlobalSection
	GlobalSection(SolutionProperties) = preSolution
		HideSolutionNode = FALSE
	EndGlobalSection
	GlobalSection(ExtensibilityGlobals) = postSolution
		SolutionGuid = {AB40394B-C54B-4256-B2DE-F6ACDC7EB591}
	EndGlobalSection
EndGlobal
